
Microsoft Visual Studio Solution File, Format Version 12.00
# Visual Studio 15
VisualStudioVersion = 15.0.27703.2026
MinimumVisualStudioVersion = 10.0.40219.1
Project("{888888A0-9F3D-457C-B088-3A5042F75D52}") = "HousePEC", "HousePEC\HousePEC.pyproj", "{F5C325CD-99EE-40FB-8EC8-1158A9CCBCE2}"
EndProject
Global
	GlobalSection(SolutionConfigurationPlatforms) = preSolution
		Debug|Any CPU = Debug|Any CPU
		Release|Any CPU = Release|Any CPU
	EndGlobalSection
	GlobalSection(ProjectConfigurationPlatforms) = postSolution
		{F5C325CD-99EE-40FB-8EC8-1158A9CCBCE2}.Debug|Any CPU.ActiveCfg = Debug|Any CPU
		{F5C325CD-99EE-40FB-8EC8-1158A9CCBCE2}.Debug|Any CPU.Build.0 = Debug|Any CPU
		{F5C325CD-99EE-40FB-8EC8-1158A9CCBCE2}.Release|Any CPU.ActiveCfg = Release|Any CPU
		{F5C325CD-99EE-40FB-8EC8-1158A9CCBCE2}.Release|Any CPU.Build.0 = Release|Any CPU
	EndGlobalSection
	GlobalSection(SolutionProperties) = preSolution
		HideSolutionNode = FALSE
	EndGlobalSection
	GlobalSection(ExtensibilityGlobals) = postSolution
		SolutionGuid = {BF3AB1D4-F8AF-4EF0-B04C-A61E4F10EC35}
	EndGlobalSection
EndGlobal
